{
  "version": 4,
  "terraform_version": "1.11.2",
  "serial": 11,
  "lineage": "5a82a31b-1f20-3428-c13f-5d57acc0307d",
  "outputs": {
    "acr_admin_password": {
      "value": "9tUFXVrGQHwrFJgFNW1ZCcFR/KbpyEDb7sH+XAQYAv+ACRBAcVTq",
      "type": "string",
      "sensitive": true
    },
    "acr_admin_username": {
      "value": "acrdevopsk8sdemo",
      "type": "string",
      "sensitive": true
    },
    "acr_login_server": {
      "value": "acrdevopsk8sdemo.azurecr.io",
      "type": "string"
    },
    "kubernetes_cluster_name": {
      "value": "aks-devops-demo",
      "type": "string"
    },
    "resource_group_name": {
      "value": "rg-devops-k8s-demo",
      "type": "string"
    }
  },
  "resources": [
    {
      "mode": "managed",
      "type": "azurerm_container_registry",
      "name": "acr",
      "provider": "provider[\"registry.terraform.io/hashicorp/azurerm\"]",
      "instances": [
        {
          "schema_version": 2,
          "attributes": {
            "admin_enabled": true,
            "admin_password": "9tUFXVrGQHwrFJgFNW1ZCcFR/KbpyEDb7sH+XAQYAv+ACRBAcVTq",
            "admin_username": "acrdevopsk8sdemo",
            "anonymous_pull_enabled": false,
            "data_endpoint_enabled": false,
            "encryption": [
              {
                "enabled": false,
                "identity_client_id": "",
                "key_vault_key_id": ""
              }
            ],
            "export_policy_enabled": true,
            "georeplications": [],
            "id": "/subscriptions/147f5d16-2257-42fd-bb10-47064bb102ca/resourceGroups/rg-devops-k8s-demo/providers/Microsoft.ContainerRegistry/registries/acrdevopsk8sdemo",
            "identity": [],
            "location": "centralus",
            "login_server": "acrdevopsk8sdemo.azurecr.io",
            "name": "acrdevopsk8sdemo",
            "network_rule_bypass_option": "AzureServices",
            "network_rule_set": [],
            "public_network_access_enabled": true,
            "quarantine_policy_enabled": false,
            "resource_group_name": "rg-devops-k8s-demo",
            "retention_policy": [
              {
                "days": 7,
                "enabled": false
              }
            ],
            "sku": "Basic",
            "tags": {
              "Environment": "Development",
              "Project": "DevOps-K8s-Demo"
            },
            "timeouts": null,
            "trust_policy": [
              {
                "enabled": false
              }
            ],
            "zone_redundancy_enabled": false
          },
          "sensitive_attributes": [
            [
              {
                "type": "get_attr",
                "value": "admin_password"
              }
            ]
          ],
          "private": "eyJlMmJmYjczMC1lY2FhLTExZTYtOGY4OC0zNDM2M2JjN2M0YzAiOnsiY3JlYXRlIjoxODAwMDAwMDAwMDAwLCJkZWxldGUiOjE4MDAwMDAwMDAwMDAsInJlYWQiOjMwMDAwMDAwMDAwMCwidXBkYXRlIjoxODAwMDAwMDAwMDAwfSwic2NoZW1hX3ZlcnNpb24iOiIyIn0=",
          "dependencies": [
            "azurerm_resource_group.main"
          ]
        }
      ]
    },
    {
      "mode": "managed",
      "type": "azurerm_resource_group",
      "name": "main",
      "provider": "provider[\"registry.terraform.io/hashicorp/azurerm\"]",
      "instances": [
        {
          "schema_version": 0,
          "attributes": {
            "id": "/subscriptions/147f5d16-2257-42fd-bb10-47064bb102ca/resourceGroups/rg-devops-k8s-demo",
            "location": "centralus",
            "managed_by": "",
            "name": "rg-devops-k8s-demo",
            "tags": {
              "Environment": "Development",
              "Project": "DevOps-K8s-Demo"
            },
            "timeouts": null
          },
          "sensitive_attributes": [],
          "private": "eyJlMmJmYjczMC1lY2FhLTExZTYtOGY4OC0zNDM2M2JjN2M0YzAiOnsiY3JlYXRlIjo1NDAwMDAwMDAwMDAwLCJkZWxldGUiOjU0MDAwMDAwMDAwMDAsInJlYWQiOjMwMDAwMDAwMDAwMCwidXBkYXRlIjo1NDAwMDAwMDAwMDAwfX0="
        }
      ]
    }
  ],
  "check_results": null
}
